
Microsoft Visual Studio Solution File, Format Version 12.00
# Visual Studio Version 16
VisualStudioVersion = 16.0.31702.278
MinimumVisualStudioVersion = 10.0.40219.1
Project("{FAE04EC0-301F-11D3-BF4B-00C04F79EFBC}") = "ClassLibraryResumeProvider", "ClassLibraryResumeCollector\ClassLibraryResumeProvider.csproj", "{C8891204-5A4F-4595-8FD2-CB5144649DAF}"
EndProject
Global
	GlobalSection(SolutionConfigurationPlatforms) = preSolution
		Debug|Any CPU = Debug|Any CPU
		Release|Any CPU = Release|Any CPU
	EndGlobalSection
	GlobalSection(ProjectConfigurationPlatforms) = postSolution
		{C8891204-5A4F-4595-8FD2-CB5144649DAF}.Debug|Any CPU.ActiveCfg = Debug|Any CPU
		{C8891204-5A4F-4595-8FD2-CB5144649DAF}.Debug|Any CPU.Build.0 = Debug|Any CPU
		{C8891204-5A4F-4595-8FD2-CB5144649DAF}.Release|Any CPU.ActiveCfg = Release|Any CPU
		{C8891204-5A4F-4595-8FD2-CB5144649DAF}.Release|Any CPU.Build.0 = Release|Any CPU
	EndGlobalSection
	GlobalSection(SolutionProperties) = preSolution
		HideSolutionNode = FALSE
	EndGlobalSection
	GlobalSection(ExtensibilityGlobals) = postSolution
		SolutionGuid = {4D3F579A-6707-4A99-BDDF-A572E76915A3}
	EndGlobalSection
EndGlobal
